
Microsoft Visual Studio Solution File, Format Version 12.00
# Visual Studio Version 17
VisualStudioVersion = 17.7.34031.279
MinimumVisualStudioVersion = 10.0.40219.1
Project("{FAE04EC0-301F-11D3-BF4B-00C04F79EFBC}") = "müşterialama", "müşterialama\müşterialama.csproj", "{89487F58-1DB9-4185-90ED-ACBA0482D7FE}"
EndProject
Global
	GlobalSection(SolutionConfigurationPlatforms) = preSolution
		Debug|Any CPU = Debug|Any CPU
		Release|Any CPU = Release|Any CPU
	EndGlobalSection
	GlobalSection(ProjectConfigurationPlatforms) = postSolution
		{89487F58-1DB9-4185-90ED-ACBA0482D7FE}.Debug|Any CPU.ActiveCfg = Debug|Any CPU
		{89487F58-1DB9-4185-90ED-ACBA0482D7FE}.Debug|Any CPU.Build.0 = Debug|Any CPU
		{89487F58-1DB9-4185-90ED-ACBA0482D7FE}.Release|Any CPU.ActiveCfg = Release|Any CPU
		{89487F58-1DB9-4185-90ED-ACBA0482D7FE}.Release|Any CPU.Build.0 = Release|Any CPU
	EndGlobalSection
	GlobalSection(SolutionProperties) = preSolution
		HideSolutionNode = FALSE
	EndGlobalSection
	GlobalSection(ExtensibilityGlobals) = postSolution
		SolutionGuid = {99E11F1A-F939-48BA-B491-E213667FBC5E}
	EndGlobalSection
EndGlobal
